
Microsoft Visual Studio Solution File, Format Version 12.00
# Visual Studio Version 17
VisualStudioVersion = 17.0.31903.59
MinimumVisualStudioVersion = 10.0.40219.1
Project("{FAE04EC0-301F-11D3-BF4B-00C04F79EFBC}") = "Geomonitoreo.Domain", "Geomonitoreo.Domain\Geomonitoreo.Domain.csproj", "{5E832072-E8B6-4894-8F5B-AF5581EC8ADD}"
EndProject
Project("{FAE04EC0-301F-11D3-BF4B-00C04F79EFBC}") = "Geomonitoreo.Application", "Geomonitoreo.Application\Geomonitoreo.Application.csproj", "{A0691C13-7124-437D-8F83-E2760B8218E1}"
EndProject
Project("{FAE04EC0-301F-11D3-BF4B-00C04F79EFBC}") = "Geomonitoreo.Infrastructure", "Geomonitoreo.Infrastructure\Geomonitoreo.Infrastructure.csproj", "{62B512C9-4271-4470-B9F4-165FDE7F9CEA}"
EndProject
Project("{FAE04EC0-301F-11D3-BF4B-00C04F79EFBC}") = "Geomonitoreo.API", "Geomonitoreo.API\Geomonitoreo.API.csproj", "{791C0FC6-2CA2-4BD1-91E7-744C4CBFD1E8}"
EndProject
Global
	GlobalSection(SolutionConfigurationPlatforms) = preSolution
		Debug|Any CPU = Debug|Any CPU
		Debug|x64 = Debug|x64
		Debug|x86 = Debug|x86
		Release|Any CPU = Release|Any CPU
		Release|x64 = Release|x64
		Release|x86 = Release|x86
	EndGlobalSection
	GlobalSection(ProjectConfigurationPlatforms) = postSolution
		{5E832072-E8B6-4894-8F5B-AF5581EC8ADD}.Debug|Any CPU.ActiveCfg = Debug|Any CPU
		{5E832072-E8B6-4894-8F5B-AF5581EC8ADD}.Debug|Any CPU.Build.0 = Debug|Any CPU
		{5E832072-E8B6-4894-8F5B-AF5581EC8ADD}.Debug|x64.ActiveCfg = Debug|Any CPU
		{5E832072-E8B6-4894-8F5B-AF5581EC8ADD}.Debug|x64.Build.0 = Debug|Any CPU
		{5E832072-E8B6-4894-8F5B-AF5581EC8ADD}.Debug|x86.ActiveCfg = Debug|Any CPU
		{5E832072-E8B6-4894-8F5B-AF5581EC8ADD}.Debug|x86.Build.0 = Debug|Any CPU
		{5E832072-E8B6-4894-8F5B-AF5581EC8ADD}.Release|Any CPU.ActiveCfg = Release|Any CPU
		{5E832072-E8B6-4894-8F5B-AF5581EC8ADD}.Release|Any CPU.Build.0 = Release|Any CPU
		{5E832072-E8B6-4894-8F5B-AF5581EC8ADD}.Release|x64.ActiveCfg = Release|Any CPU
		{5E832072-E8B6-4894-8F5B-AF5581EC8ADD}.Release|x64.Build.0 = Release|Any CPU
		{5E832072-E8B6-4894-8F5B-AF5581EC8ADD}.Release|x86.ActiveCfg = Release|Any CPU
		{5E832072-E8B6-4894-8F5B-AF5581EC8ADD}.Release|x86.Build.0 = Release|Any CPU
		{A0691C13-7124-437D-8F83-E2760B8218E1}.Debug|Any CPU.ActiveCfg = Debug|Any CPU
		{A0691C13-7124-437D-8F83-E2760B8218E1}.Debug|Any CPU.Build.0 = Debug|Any CPU
		{A0691C13-7124-437D-8F83-E2760B8218E1}.Debug|x64.ActiveCfg = Debug|Any CPU
		{A0691C13-7124-437D-8F83-E2760B8218E1}.Debug|x64.Build.0 = Debug|Any CPU
		{A0691C13-7124-437D-8F83-E2760B8218E1}.Debug|x86.ActiveCfg = Debug|Any CPU
		{A0691C13-7124-437D-8F83-E2760B8218E1}.Debug|x86.Build.0 = Debug|Any CPU
		{A0691C13-7124-437D-8F83-E2760B8218E1}.Release|Any CPU.ActiveCfg = Release|Any CPU
		{A0691C13-7124-437D-8F83-E2760B8218E1}.Release|Any CPU.Build.0 = Release|Any CPU
		{A0691C13-7124-437D-8F83-E2760B8218E1}.Release|x64.ActiveCfg = Release|Any CPU
		{A0691C13-7124-437D-8F83-E2760B8218E1}.Release|x64.Build.0 = Release|Any CPU
		{A0691C13-7124-437D-8F83-E2760B8218E1}.Release|x86.ActiveCfg = Release|Any CPU
		{A0691C13-7124-437D-8F83-E2760B8218E1}.Release|x86.Build.0 = Release|Any CPU
		{62B512C9-4271-4470-B9F4-165FDE7F9CEA}.Debug|Any CPU.ActiveCfg = Debug|Any CPU
		{62B512C9-4271-4470-B9F4-165FDE7F9CEA}.Debug|Any CPU.Build.0 = Debug|Any CPU
		{62B512C9-4271-4470-B9F4-165FDE7F9CEA}.Debug|x64.ActiveCfg = Debug|Any CPU
		{62B512C9-4271-4470-B9F4-165FDE7F9CEA}.Debug|x64.Build.0 = Debug|Any CPU
		{62B512C9-4271-4470-B9F4-165FDE7F9CEA}.Debug|x86.ActiveCfg = Debug|Any CPU
		{62B512C9-4271-4470-B9F4-165FDE7F9CEA}.Debug|x86.Build.0 = Debug|Any CPU
		{62B512C9-4271-4470-B9F4-165FDE7F9CEA}.Release|Any CPU.ActiveCfg = Release|Any CPU
		{62B512C9-4271-4470-B9F4-165FDE7F9CEA}.Release|Any CPU.Build.0 = Release|Any CPU
		{62B512C9-4271-4470-B9F4-165FDE7F9CEA}.Release|x64.ActiveCfg = Release|Any CPU
		{62B512C9-4271-4470-B9F4-165FDE7F9CEA}.Release|x64.Build.0 = Release|Any CPU
		{62B512C9-4271-4470-B9F4-165FDE7F9CEA}.Release|x86.ActiveCfg = Release|Any CPU
		{62B512C9-4271-4470-B9F4-165FDE7F9CEA}.Release|x86.Build.0 = Release|Any CPU
		{791C0FC6-2CA2-4BD1-91E7-744C4CBFD1E8}.Debug|Any CPU.ActiveCfg = Debug|Any CPU
		{791C0FC6-2CA2-4BD1-91E7-744C4CBFD1E8}.Debug|Any CPU.Build.0 = Debug|Any CPU
		{791C0FC6-2CA2-4BD1-91E7-744C4CBFD1E8}.Debug|x64.ActiveCfg = Debug|Any CPU
		{791C0FC6-2CA2-4BD1-91E7-744C4CBFD1E8}.Debug|x64.Build.0 = Debug|Any CPU
		{791C0FC6-2CA2-4BD1-91E7-744C4CBFD1E8}.Debug|x86.ActiveCfg = Debug|Any CPU
		{791C0FC6-2CA2-4BD1-91E7-744C4CBFD1E8}.Debug|x86.Build.0 = Debug|Any CPU
		{791C0FC6-2CA2-4BD1-91E7-744C4CBFD1E8}.Release|Any CPU.ActiveCfg = Release|Any CPU
		{791C0FC6-2CA2-4BD1-91E7-744C4CBFD1E8}.Release|Any CPU.Build.0 = Release|Any CPU
		{791C0FC6-2CA2-4BD1-91E7-744C4CBFD1E8}.Release|x64.ActiveCfg = Release|Any CPU
		{791C0FC6-2CA2-4BD1-91E7-744C4CBFD1E8}.Release|x64.Build.0 = Release|Any CPU
		{791C0FC6-2CA2-4BD1-91E7-744C4CBFD1E8}.Release|x86.ActiveCfg = Release|Any CPU
		{791C0FC6-2CA2-4BD1-91E7-744C4CBFD1E8}.Release|x86.Build.0 = Release|Any CPU
	EndGlobalSection
	GlobalSection(SolutionProperties) = preSolution
		HideSolutionNode = FALSE
	EndGlobalSection
EndGlobal
